// !$*UTF8*$!
{
	archiveVersion = 1;
	classes = {
	};
	objectVersion = 50;
	objects = {

/* Begin PBXBuildFile section */
		8E2A75A62413605E00EB9F04 /* CreationViewController.swift in Sources */ = {isa = PBXBuildFile; fileRef = 8E2A75A52413605E00EB9F04 /* CreationViewController.swift */; };
		8E7D595223F879D000F31E65 /* AppDelegate.swift in Sources */ = {isa = PBXBuildFile; fileRef = 8E7D595123F879D000F31E65 /* AppDelegate.swift */; };
		8E7D595423F879D000F31E65 /* SceneDelegate.swift in Sources */ = {isa = PBXBuildFile; fileRef = 8E7D595323F879D000F31E65 /* SceneDelegate.swift */; };
		8E7D595623F879D000F31E65 /* ViewController.swift in Sources */ = {isa = PBXBuildFile; fileRef = 8E7D595523F879D000F31E65 /* ViewController.swift */; };
		8E7D595923F879D000F31E65 /* Main.storyboard in Resources */ = {isa = PBXBuildFile; fileRef = 8E7D595723F879D000F31E65 /* Main.storyboard */; };
		8E7D595B23F879D300F31E65 /* Assets.xcassets in Resources */ = {isa = PBXBuildFile; fileRef = 8E7D595A23F879D300F31E65 /* Assets.xcassets */; };
		8E7D595E23F879D300F31E65 /* LaunchScreen.storyboard in Resources */ = {isa = PBXBuildFile; fileRef = 8E7D595C23F879D300F31E65 /* LaunchScreen.storyboard */; };
		8E7D596923F879D300F31E65 /* FlashcardsTests.swift in Sources */ = {isa = PBXBuildFile; fileRef = 8E7D596823F879D300F31E65 /* FlashcardsTests.swift */; };
		8E7D597423F879D300F31E65 /* FlashcardsUITests.swift in Sources */ = {isa = PBXBuildFile; fileRef = 8E7D597323F879D300F31E65 /* FlashcardsUITests.swift */; };
/* End PBXBuildFile section */

/* Begin PBXContainerItemProxy section */
		8E7D596523F879D300F31E65 /* PBXContainerItemProxy */ = {
			isa = PBXContainerItemProxy;
			containerPortal = 8E7D594623F879D000F31E65 /* Project object */;
			proxyType = 1;
			remoteGlobalIDString = 8E7D594D23F879D000F31E65;
			remoteInfo = Flashcards;
		};
		8E7D597023F879D300F31E65 /* PBXContainerItemProxy */ = {
			isa = PBXContainerItemProxy;
			containerPortal = 8E7D594623F879D000F31E65 /* Project object */;
			proxyType = 1;
			remoteGlobalIDString = 8E7D594D23F879D000F31E65;
			remoteInfo = Flashcards;
		};
/* End PBXContainerItemProxy section */

/* Begin PBXFileReference section */
		8E2A75A52413605E00EB9F04 /* CreationViewController.swift */ = {isa = PBXFileReference; lastKnownFileType = sourcecode.swift; path = CreationViewController.swift; sourceTree = "<group>"; };
		8E7D594E23F879D000F31E65 /* Flashcards.app */ = {isa = PBXFileReference; explicitFileType = wrapper.application; includeInIndex = 0; path = Flashcards.app; sourceTree = BUILT_PRODUCTS_DIR; };
		8E7D595123F879D000F31E65 /* AppDelegate.swift */ = {isa = PBXFileReference; lastKnownFileType = sourcecode.swift; path = AppDelegate.swift; sourceTree = "<group>"; };
		8E7D595323F879D000F31E65 /* SceneDelegate.swift */ = {isa = PBXFileReference; lastKnownFileType = sourcecode.swift; path = SceneDelegate.swift; sourceTree = "<group>"; };
		8E7D595523F879D000F31E65 /* ViewController.swift */ = {isa = PBXFileReference; lastKnownFileType = sourcecode.swift; path = ViewController.swift; sourceTree = "<group>"; };
		8E7D595823F879D000F31E65 /* Base */ = {isa = PBXFileReference; lastKnownFileType = file.storyboard; name = Base; path = Base.lproj/Main.storyboard; sourceTree = "<group>"; };
		8E7D595A23F879D300F31E65 /* Assets.xcassets */ = {isa = PBXFileReference; lastKnownFileType = folder.assetcatalog; path = Assets.xcassets; sourceTree = "<group>"; };
		8E7D595D23F879D300F31E65 /* Base */ = {isa = PBXFileReference; lastKnownFileType = file.storyboard; name = Base; path = Base.lproj/LaunchScreen.storyboard; sourceTree = "<group>"; };
		8E7D595F23F879D300F31E65 /* Info.plist */ = {isa = PBXFileReference; lastKnownFileType = text.plist.xml; path = Info.plist; sourceTree = "<group>"; };
		8E7D596423F879D300F31E65 /* FlashcardsTests.xctest */ = {isa = PBXFileReference; explicitFileType = wrapper.cfbundle; includeInIndex = 0; path = FlashcardsTests.xctest; sourceTree = BUILT_PRODUCTS_DIR; };
		8E7D596823F879D300F31E65 /* FlashcardsTests.swift */ = {isa = PBXFileReference; lastKnownFileType = sourcecode.swift; path = FlashcardsTests.swift; sourceTree = "<group>"; };
		8E7D596A23F879D300F31E65 /* Info.plist */ = {isa = PBXFileReference; lastKnownFileType = text.plist.xml; path = Info.plist; sourceTree = "<group>"; };
		8E7D596F23F879D300F31E65 /* FlashcardsUITests.xctest */ = {isa = PBXFileReference; explicitFileType = wrapper.cfbundle; includeInIndex = 0; path = FlashcardsUITests.xctest; sourceTree = BUILT_PRODUCTS_DIR; };
		8E7D597323F879D300F31E65 /* FlashcardsUITests.swift */ = {isa = PBXFileReference; lastKnownFileType = sourcecode.swift; path = FlashcardsUITests.swift; sourceTree = "<group>"; };
		8E7D597523F879D300F31E65 /* Info.plist */ = {isa = PBXFileReference; lastKnownFileType = text.plist.xml; path = Info.plist; sourceTree = "<group>"; };
/* End PBXFileReference section */

/* Begin PBXFrameworksBuildPhase section */
		8E7D594B23F879D000F31E65 /* Frameworks */ = {
			isa = PBXFrameworksBuildPhase;
			buildActionMask = 2147483647;
			files = (
			);
			runOnlyForDeploymentPostprocessing = 0;
		};
		8E7D596123F879D300F31E65 /* Frameworks */ = {
			isa = PBXFrameworksBuildPhase;
			buildActionMask = 2147483647;
			files = (
			);
			runOnlyForDeploymentPostprocessing = 0;
		};
		8E7D596C23F879D300F31E65 /* Frameworks */ = {
			isa = PBXFrameworksBuildPhase;
			buildActionMask = 2147483647;
			files = (
			);
			runOnlyForDeploymentPostprocessing = 0;
		};
/* End PBXFrameworksBuildPhase section */

/* Begin PBXGroup section */
		8E7D594523F879D000F31E65 = {
			isa = PBXGroup;
			children = (
				8E7D595023F879D000F31E65 /* Flashcards */,
				8E7D596723F879D300F31E65 /* FlashcardsTests */,
				8E7D597223F879D300F31E65 /* FlashcardsUITests */,
				8E7D594F23F879D000F31E65 /* Products */,
			);
			sourceTree = "<group>";
		};
		8E7D594F23F879D000F31E65 /* Products */ = {
			isa = PBXGroup;
			children = (
				8E7D594E23F879D000F31E65 /* Flashcards.app */,
				8E7D596423F879D300F31E65 /* FlashcardsTests.xctest */,
				8E7D596F23F879D300F31E65 /* FlashcardsUITests.xctest */,
			);
			name = Products;
			sourceTree = "<group>";
		};
		8E7D595023F879D000F31E65 /* Flashcards */ = {
			isa = PBXGroup;
			children = (
				8E7D595123F879D000F31E65 /* AppDelegate.swift */,
				8E7D595323F879D000F31E65 /* SceneDelegate.swift */,
				8E7D595523F879D000F31E65 /* ViewController.swift */,
				8E7D595723F879D000F31E65 /* Main.storyboard */,
				8E2A75A52413605E00EB9F04 /* CreationViewController.swift */,
				8E7D595A23F879D300F31E65 /* Assets.xcassets */,
				8E7D595C23F879D300F31E65 /* LaunchScreen.storyboard */,
				8E7D595F23F879D300F31E65 /* Info.plist */,
			);
			path = Flashcards;
			sourceTree = "<group>";
		};
		8E7D596723F879D300F31E65 /* FlashcardsTests */ = {
			isa = PBXGroup;
			children = (
				8E7D596823F879D300F31E65 /* FlashcardsTests.swift */,
				8E7D596A23F879D300F31E65 /* Info.plist */,
			);
			path = FlashcardsTests;
			sourceTree = "<group>";
		};
		8E7D597223F879D300F31E65 /* FlashcardsUITests */ = {
			isa = PBXGroup;
			children = (
				8E7D597323F879D300F31E65 /* FlashcardsUITests.swift */,
				8E7D597523F879D300F31E65 /* Info.plist */,
			);
			path = FlashcardsUITests;
			sourceTree = "<group>";
		};
/* End PBXGroup section */

/* Begin PBXNativeTarget section */
		8E7D594D23F879D000F31E65 /* Flashcards */ = {
			isa = PBXNativeTarget;
			buildConfigurationList = 8E7D597823F879D300F31E65 /* Build configuration list for PBXNativeTarget "Flashcards" */;
			buildPhases = (
				8E7D594A23F879D000F31E65 /* Sources */,
				8E7D594B23F879D000F31E65 /* Frameworks */,
				8E7D594C23F879D000F31E65 /* Resources */,
			);
			buildRules = (
			);
			dependencies = (
			);
			name = Flashcards;
			productName = Flashcards;
			productReference = 8E7D594E23F879D000F31E65 /* Flashcards.app */;
			productType = "com.apple.product-type.application";
		};
		8E7D596323F879D300F31E65 /* FlashcardsTests */ = {
			isa = PBXNativeTarget;
			buildConfigurationList = 8E7D597B23F879D300F31E65 /* Build configuration list for PBXNativeTarget "FlashcardsTests" */;
			buildPhases = (
				8E7D596023F879D300F31E65 /* Sources */,
				8E7D596123F879D300F31E65 /* Frameworks */,
				8E7D596223F879D300F31E65 /* Resources */,
			);
			buildRules = (
			);
			dependencies = (
				8E7D596623F879D300F31E65 /* PBXTargetDependency */,
			);
			name = FlashcardsTests;
			productName = FlashcardsTests;
			productReference = 8E7D596423F879D300F31E65 /* FlashcardsTests.xctest */;
			productType = "com.apple.product-type.bundle.unit-test";
		};
		8E7D596E23F879D300F31E65 /* FlashcardsUITests */ = {
			isa = PBXNativeTarget;
			buildConfigurationList = 8E7D597E23F879D300F31E65 /* Build configuration list for PBXNativeTarget "FlashcardsUITests" */;
			buildPhases = (
				8E7D596B23F879D300F31E65 /* Sources */,
				8E7D596C23F879D300F31E65 /* Frameworks */,
				8E7D596D23F879D300F31E65 /* Resources */,
			);
			buildRules = (
			);
			dependencies = (
				8E7D597123F879D300F31E65 /* PBXTargetDependency */,
			);
			name = FlashcardsUITests;
			productName = FlashcardsUITests;
			productReference = 8E7D596F23F879D300F31E65 /* FlashcardsUITests.xctest */;
			productType = "com.apple.product-type.bundle.ui-testing";
		};
/* End PBXNativeTarget section */

/* Begin PBXProject section */
		8E7D594623F879D000F31E65 /* Project object */ = {
			isa = PBXProject;
			attributes = {
				LastSwiftUpdateCheck = 1130;
				LastUpgradeCheck = 1130;
				ORGANIZATIONNAME = "Mari Aoki";
				TargetAttributes = {
					8E7D594D23F879D000F31E65 = {
						CreatedOnToolsVersion = 11.3.1;
					};
					8E7D596323F879D300F31E65 = {
						CreatedOnToolsVersion = 11.3.1;
						TestTargetID = 8E7D594D23F879D000F31E65;
					};
					8E7D596E23F879D300F31E65 = {
						CreatedOnToolsVersion = 11.3.1;
						TestTargetID = 8E7D594D23F879D000F31E65;
					};
				};
			};
			buildConfigurationList = 8E7D594923F879D000F31E65 /* Build configuration list for PBXProject "Flashcards" */;
			compatibilityVersion = "Xcode 9.3";
			developmentRegion = en;
			hasScannedForEncodings = 0;
			knownRegions = (
				en,
				Base,
			);
			mainGroup = 8E7D594523F879D000F31E65;
			productRefGroup = 8E7D594F23F879D000F31E65 /* Products */;
			projectDirPath = "";
			projectRoot = "";
			targets = (
				8E7D594D23F879D000F31E65 /* Flashcards */,
				8E7D596323F879D300F31E65 /* FlashcardsTests */,
				8E7D596E23F879D300F31E65 /* FlashcardsUITests */,
			);
		};
/* End PBXProject section */

/* Begin PBXResourcesBuildPhase section */
		8E7D594C23F879D000F31E65 /* Resources */ = {
			isa = PBXResourcesBuildPhase;
			buildActionMask = 2147483647;
			files = (
				8E7D595E23F879D300F31E65 /* LaunchScreen.storyboard in Resources */,
				8E7D595B23F879D300F31E65 /* Assets.xcassets in Resources */,
				8E7D595923F879D000F31E65 /* Main.storyboard in Resources */,
			);
			runOnlyForDeploymentPostprocessing = 0;
		};
		8E7D596223F879D300F31E65 /* Resources */ = {
			isa = PBXResourcesBuildPhase;
			buildActionMask = 2147483647;
			files = (
			);
			runOnlyForDeploymentPostprocessing = 0;
		};
		8E7D596D23F879D300F31E65 /* Resources */ = {
			isa = PBXResourcesBuildPhase;
			buildActionMask = 2147483647;
			files = (
			);
			runOnlyForDeploymentPostprocessing = 0;
		};
/* End PBXResourcesBuildPhase section */

/* Begin PBXSourcesBuildPhase section */
		8E7D594A23F879D000F31E65 /* Sources */ = {
			isa = PBXSourcesBuildPhase;
			buildActionMask = 2147483647;
			files = (
				8E7D595623F879D000F31E65 /* ViewController.swift in Sources */,
				8E7D595223F879D000F31E65 /* AppDelegate.swift in Sources */,
				8E7D595423F879D000F31E65 /* SceneDelegate.swift in Sources */,
				8E2A75A62413605E00EB9F04 /* CreationViewController.swift in Sources */,
			);
			runOnlyForDeploymentPostprocessing = 0;
		};
		8E7D596023F879D300F31E65 /* Sources */ = {
			isa = PBXSourcesBuildPhase;
			buildActionMask = 2147483647;
			files = (
				8E7D596923F879D300F31E65 /* FlashcardsTests.swift in Sources */,
			);
			runOnlyForDeploymentPostprocessing = 0;
		};
		8E7D596B23F879D300F31E65 /* Sources */ = {
			isa = PBXSourcesBuildPhase;
			buildActionMask = 2147483647;
			files = (
				8E7D597423F879D300F31E65 /* FlashcardsUITests.swift in Sources */,
			);
			runOnlyForDeploymentPostprocessing = 0;
		};
/* End PBXSourcesBuildPhase section */

/* Begin PBXTargetDependency section */
		8E7D596623F879D300F31E65 /* PBXTargetDependency */ = {
			isa = PBXTargetDependency;
			target = 8E7D594D23F879D000F31E65 /* Flashcards */;
			targetProxy = 8E7D596523F879D300F31E65 /* PBXContainerItemProxy */;
		};
		8E7D597123F879D300F31E65 /* PBXTargetDependency */ = {
			isa = PBXTargetDependency;
			target = 8E7D594D23F879D000F31E65 /* Flashcards */;
			targetProxy = 8E7D597023F879D300F31E65 /* PBXContainerItemProxy */;
		};
/* End PBXTargetDependency section */

/* Begin PBXVariantGroup section */
		8E7D595723F879D000F31E65 /* Main.storyboard */ = {
			isa = PBXVariantGroup;
			children = (
				8E7D595823F879D000F31E65 /* Base */,
			);
			name = Main.storyboard;
			sourceTree = "<group>";
		};
		8E7D595C23F879D300F31E65 /* LaunchScreen.storyboard */ = {
			isa = PBXVariantGroup;
			children = (
				8E7D595D23F879D300F31E65 /* Base */,
			);
			name = LaunchScreen.storyboard;
			sourceTree = "<group>";
		};
/* End PBXVariantGroup section */

/* Begin XCBuildConfiguration section */
		8E7D597623F879D300F31E65 /* Debug */ = {
			isa = XCBuildConfiguration;
			buildSettings = {
				ALWAYS_SEARCH_USER_PATHS = NO;
				CLANG_ANALYZER_NONNULL = YES;
				CLANG_ANALYZER_NUMBER_OBJECT_CONVERSION = YES_AGGRESSIVE;
				CLANG_CXX_LANGUAGE_STANDARD = "gnu++14";
				CLANG_CXX_LIBRARY = "libc++";
				CLANG_ENABLE_MODULES = YES;
				CLANG_ENABLE_OBJC_ARC = YES;
				CLANG_ENABLE_OBJC_WEAK = YES;
				CLANG_WARN_BLOCK_CAPTURE_AUTORELEASING = YES;
				CLANG_WARN_BOOL_CONVERSION = YES;
				CLANG_WARN_COMMA = YES;
				CLANG_WARN_CONSTANT_CONVERSION = YES;
				CLANG_WARN_DEPRECATED_OBJC_IMPLEMENTATIONS = YES;
				CLANG_WARN_DIRECT_OBJC_ISA_USAGE = YES_ERROR;
				CLANG_WARN_DOCUMENTATION_COMMENTS = YES;
				CLANG_WARN_EMPTY_BODY = YES;
				CLANG_WARN_ENUM_CONVERSION = YES;
				CLANG_WARN_INFINITE_RECURSION = YES;
				CLANG_WARN_INT_CONVERSION = YES;
				CLANG_WARN_NON_LITERAL_NULL_CONVERSION = YES;
				CLANG_WARN_OBJC_IMPLICIT_RETAIN_SELF = YES;
				CLANG_WARN_OBJC_LITERAL_CONVERSION = YES;
				CLANG_WARN_OBJC_ROOT_CLASS = YES_ERROR;
				CLANG_WARN_RANGE_LOOP_ANALYSIS = YES;
				CLANG_WARN_STRICT_PROTOTYPES = YES;
				CLANG_WARN_SUSPICIOUS_MOVE = YES;
				CLANG_WARN_UNGUARDED_AVAILABILITY = YES_AGGRESSIVE;
				CLANG_WARN_UNREACHABLE_CODE = YES;
				CLANG_WARN__DUPLICATE_METHOD_MATCH = YES;
				COPY_PHASE_STRIP = NO;
				DEBUG_INFORMATION_FORMAT = dwarf;
				ENABLE_STRICT_OBJC_MSGSEND = YES;
				ENABLE_TESTABILITY = YES;
				GCC_C_LANGUAGE_STANDARD = gnu11;
				GCC_DYNAMIC_NO_PIC = NO;
				GCC_NO_COMMON_BLOCKS = YES;
				GCC_OPTIMIZATION_LEVEL = 0;
				GCC_PREPROCESSOR_DEFINITIONS = (
					"DEBUG=1",
					"$(inherited)",
				);
				GCC_WARN_64_TO_32_BIT_CONVERSION = YES;
				GCC_WARN_ABOUT_RETURN_TYPE = YES_ERROR;
				GCC_WARN_UNDECLARED_SELECTOR = YES;
				GCC_WARN_UNINITIALIZED_AUTOS = YES_AGGRESSIVE;
				GCC_WARN_UNUSED_FUNCTION = YES;
				GCC_WARN_UNUSED_VARIABLE = YES;
				IPHONEOS_DEPLOYMENT_TARGET = 13.2;
				MTL_ENABLE_DEBUG_INFO = INCLUDE_SOURCE;
				MTL_FAST_MATH = YES;
				ONLY_ACTIVE_ARCH = YES;
				SDKROOT = iphoneos;
				SWIFT_ACTIVE_COMPILATION_CONDITIONS = DEBUG;
				SWIFT_OPTIMIZATION_LEVEL = "-Onone";
			};
			name = Debug;
		};
		8E7D597723F879D300F31E65 /* Release */ = {
			isa = XCBuildConfiguration;
			buildSettings = {
				ALWAYS_SEARCH_USER_PATHS = NO;
				CLANG_ANALYZER_NONNULL = YES;
				CLANG_ANALYZER_NUMBER_OBJECT_CONVERSION = YES_AGGRESSIVE;
				CLANG_CXX_LANGUAGE_STANDARD = "gnu++14";
				CLANG_CXX_LIBRARY = "libc++";
				CLANG_ENABLE_MODULES = YES;
				CLANG_ENABLE_OBJC_ARC = YES;
				CLANG_ENABLE_OBJC_WEAK = YES;
				CLANG_WARN_BLOCK_CAPTURE_AUTORELEASING = YES;
				CLANG_WARN_BOOL_CONVERSION = YES;
				CLANG_WARN_COMMA = YES;
				CLANG_WARN_CONSTANT_CONVERSION = YES;
				CLANG_WARN_DEPRECATED_OBJC_IMPLEMENTATIONS = YES;
				CLANG_WARN_DIRECT_OBJC_ISA_USAGE = YES_ERROR;
				CLANG_WARN_DOCUMENTATION_COMMENTS = YES;
				CLANG_WARN_EMPTY_BODY = YES;
				CLANG_WARN_ENUM_CONVERSION = YES;
				CLANG_WARN_INFINITE_RECURSION = YES;
				CLANG_WARN_INT_CONVERSION = YES;
				CLANG_WARN_NON_LITERAL_NULL_CONVERSION = YES;
				CLANG_WARN_OBJC_IMPLICIT_RETAIN_SELF = YES;
				CLANG_WARN_OBJC_LITERAL_CONVERSION = YES;
				CLANG_WARN_OBJC_ROOT_CLASS = YES_ERROR;
				CLANG_WARN_RANGE_LOOP_ANALYSIS = YES;
				CLANG_WARN_STRICT_PROTOTYPES = YES;
				CLANG_WARN_SUSPICIOUS_MOVE = YES;
				CLANG_WARN_UNGUARDED_AVAILABILITY = YES_AGGRESSIVE;
				CLANG_WARN_UNREACHABLE_CODE = YES;
				CLANG_WARN__DUPLICATE_METHOD_MATCH = YES;
				COPY_PHASE_STRIP = NO;
				DEBUG_INFORMATION_FORMAT = "dwarf-with-dsym";
				ENABLE_NS_ASSERTIONS = NO;
				ENABLE_STRICT_OBJC_MSGSEND = YES;
				GCC_C_LANGUAGE_STANDARD = gnu11;
				GCC_NO_COMMON_BLOCKS = YES;
				GCC_WARN_64_TO_32_BIT_CONVERSION = YES;
				GCC_WARN_ABOUT_RETURN_TYPE = YES_ERROR;
				GCC_WARN_UNDECLARED_SELECTOR = YES;
				GCC_WARN_UNINITIALIZED_AUTOS = YES_AGGRESSIVE;
				GCC_WARN_UNUSED_FUNCTION = YES;
				GCC_WARN_UNUSED_VARIABLE = YES;
				IPHONEOS_DEPLOYMENT_TARGET = 13.2;
				MTL_ENABLE_DEBUG_INFO = NO;
				MTL_FAST_MATH = YES;
				SDKROOT = iphoneos;
				SWIFT_COMPILATION_MODE = wholemodule;
				SWIFT_OPTIMIZATION_LEVEL = "-O";
				VALIDATE_PRODUCT = YES;
			};
			name = Release;
		};
		8E7D597923F879D300F31E65 /* Debug */ = {
			isa = XCBuildConfiguration;
			buildSettings = {
				ASSETCATALOG_COMPILER_APPICON_NAME = AppIcon;
				CODE_SIGN_STYLE = Automatic;
				INFOPLIST_FILE = Flashcards/Info.plist;
				LD_RUNPATH_SEARCH_PATHS = (
					"$(inherited)",
					"@executable_path/Frameworks",
				);
				PRODUCT_BUNDLE_IDENTIFIER = com.mariaoki.Flashcards;
				PRODUCT_NAME = "$(TARGET_NAME)";
				SWIFT_VERSION = 5.0;
				TARGETED_DEVICE_FAMILY = "1,2";
			};
			name = Debug;
		};
		8E7D597A23F879D300F31E65 /* Release */ = {
			isa = XCBuildConfiguration;
			buildSettings = {
				ASSETCATALOG_COMPILER_APPICON_NAME = AppIcon;
				CODE_SIGN_STYLE = Automatic;
				INFOPLIST_FILE = Flashcards/Info.plist;
				LD_RUNPATH_SEARCH_PATHS = (
					"$(inherited)",
					"@executable_path/Frameworks",
				);
				PRODUCT_BUNDLE_IDENTIFIER = com.mariaoki.Flashcards;
				PRODUCT_NAME = "$(TARGET_NAME)";
				SWIFT_VERSION = 5.0;
				TARGETED_DEVICE_FAMILY = "1,2";
			};
			name = Release;
		};
		8E7D597C23F879D300F31E65 /* Debug */ = {
			isa = XCBuildConfiguration;
			buildSettings = {
				ALWAYS_EMBED_SWIFT_STANDARD_LIBRARIES = YES;
				BUNDLE_LOADER = "$(TEST_HOST)";
				CODE_SIGN_STYLE = Automatic;
				INFOPLIST_FILE = FlashcardsTests/Info.plist;
				IPHONEOS_DEPLOYMENT_TARGET = 13.2;
				LD_RUNPATH_SEARCH_PATHS = (
					"$(inherited)",
					"@executable_path/Frameworks",
					"@loader_path/Frameworks",
				);
				PRODUCT_BUNDLE_IDENTIFIER = com.mariaoki.FlashcardsTests;
				PRODUCT_NAME = "$(TARGET_NAME)";
				SWIFT_VERSION = 5.0;
				TARGETED_DEVICE_FAMILY = "1,2";
				TEST_HOST = "$(BUILT_PRODUCTS_DIR)/Flashcards.app/Flashcards";
			};
			name = Debug;
		};
		8E7D597D23F879D300F31E65 /* Release */ = {
			isa = XCBuildConfiguration;
			buildSettings = {
				ALWAYS_EMBED_SWIFT_STANDARD_LIBRARIES = YES;
				BUNDLE_LOADER = "$(TEST_HOST)";
				CODE_SIGN_STYLE = Automatic;
				INFOPLIST_FILE = FlashcardsTests/Info.plist;
				IPHONEOS_DEPLOYMENT_TARGET = 13.2;
				LD_RUNPATH_SEARCH_PATHS = (
					"$(inherited)",
					"@executable_path/Frameworks",
					"@loader_path/Frameworks",
				);
				PRODUCT_BUNDLE_IDENTIFIER = com.mariaoki.FlashcardsTests;
				PRODUCT_NAME = "$(TARGET_NAME)";
				SWIFT_VERSION = 5.0;
				TARGETED_DEVICE_FAMILY = "1,2";
				TEST_HOST = "$(BUILT_PRODUCTS_DIR)/Flashcards.app/Flashcards";
			};
			name = Release;
		};
		8E7D597F23F879D300F31E65 /* Debug */ = {
			isa = XCBuildConfiguration;
			buildSettings = {
				ALWAYS_EMBED_SWIFT_STANDARD_LIBRARIES = YES;
				CODE_SIGN_STYLE = Automatic;
				INFOPLIST_FILE = FlashcardsUITests/Info.plist;
				LD_RUNPATH_SEARCH_PATHS = (
					"$(inherited)",
					"@executable_path/Frameworks",
					"@loader_path/Frameworks",
				);
				PRODUCT_BUNDLE_IDENTIFIER = com.mariaoki.FlashcardsUITests;
				PRODUCT_NAME = "$(TARGET_NAME)";
				SWIFT_VERSION = 5.0;
				TARGETED_DEVICE_FAMILY = "1,2";
				TEST_TARGET_NAME = Flashcards;
			};
			name = Debug;
		};
		8E7D598023F879D300F31E65 /* Release */ = {
			isa = XCBuildConfiguration;
			buildSettings = {
				ALWAYS_EMBED_SWIFT_STANDARD_LIBRARIES = YES;
				CODE_SIGN_STYLE = Automatic;
				INFOPLIST_FILE = FlashcardsUITests/Info.plist;
				LD_RUNPATH_SEARCH_PATHS = (
					"$(inherited)",
					"@executable_path/Frameworks",
					"@loader_path/Frameworks",
				);
				PRODUCT_BUNDLE_IDENTIFIER = com.mariaoki.FlashcardsUITests;
				PRODUCT_NAME = "$(TARGET_NAME)";
				SWIFT_VERSION = 5.0;
				TARGETED_DEVICE_FAMILY = "1,2";
				TEST_TARGET_NAME = Flashcards;
			};
			name = Release;
		};
/* End XCBuildConfiguration section */

/* Begin XCConfigurationList section */
		8E7D594923F879D000F31E65 /* Build configuration list for PBXProject "Flashcards" */ = {
			isa = XCConfigurationList;
			buildConfigurations = (
				8E7D597623F879D300F31E65 /* Debug */,
				8E7D597723F879D300F31E65 /* Release */,
			);
			defaultConfigurationIsVisible = 0;
			defaultConfigurationName = Release;
		};
		8E7D597823F879D300F31E65 /* Build configuration list for PBXNativeTarget "Flashcards" */ = {
			isa = XCConfigurationList;
			buildConfigurations = (
				8E7D597923F879D300F31E65 /* Debug */,
				8E7D597A23F879D300F31E65 /* Release */,
			);
			defaultConfigurationIsVisible = 0;
			defaultConfigurationName = Release;
		};
		8E7D597B23F879D300F31E65 /* Build configuration list for PBXNativeTarget "FlashcardsTests" */ = {
			isa = XCConfigurationList;
			buildConfigurations = (
				8E7D597C23F879D300F31E65 /* Debug */,
				8E7D597D23F879D300F31E65 /* Release */,
			);
			defaultConfigurationIsVisible = 0;
			defaultConfigurationName = Release;
		};
		8E7D597E23F879D300F31E65 /* Build configuration list for PBXNativeTarget "FlashcardsUITests" */ = {
			isa = XCConfigurationList;
			buildConfigurations = (
				8E7D597F23F879D300F31E65 /* Debug */,
				8E7D598023F879D300F31E65 /* Release */,
			);
			defaultConfigurationIsVisible = 0;
			defaultConfigurationName = Release;
		};
/* End XCConfigurationList section */
	};
	rootObject = 8E7D594623F879D000F31E65 /* Project object */;
}
